
Microsoft Visual Studio Solution File, Format Version 12.00
# Visual Studio Version 17
VisualStudioVersion = 17.14.36930.0 d17.14
MinimumVisualStudioVersion = 10.0.40219.1
Project("{FAE04EC0-301F-11D3-BF4B-00C04F79EFBC}") = "lesson1", "lesson1\lesson1.csproj", "{71B372D9-A360-4B42-A114-62BD8E17E457}"
EndProject
Global
	GlobalSection(SolutionConfigurationPlatforms) = preSolution
		Debug|Any CPU = Debug|Any CPU
		Release|Any CPU = Release|Any CPU
	EndGlobalSection
	GlobalSection(ProjectConfigurationPlatforms) = postSolution
		{71B372D9-A360-4B42-A114-62BD8E17E457}.Debug|Any CPU.ActiveCfg = Debug|Any CPU
		{71B372D9-A360-4B42-A114-62BD8E17E457}.Debug|Any CPU.Build.0 = Debug|Any CPU
		{71B372D9-A360-4B42-A114-62BD8E17E457}.Release|Any CPU.ActiveCfg = Release|Any CPU
		{71B372D9-A360-4B42-A114-62BD8E17E457}.Release|Any CPU.Build.0 = Release|Any CPU
	EndGlobalSection
	GlobalSection(SolutionProperties) = preSolution
		HideSolutionNode = FALSE
	EndGlobalSection
	GlobalSection(ExtensibilityGlobals) = postSolution
		SolutionGuid = {0909DED8-3F37-4DA0-8C3C-D8A699C0960C}
	EndGlobalSection
EndGlobal
