
Microsoft Visual Studio Solution File, Format Version 12.00
# Visual Studio Version 17
VisualStudioVersion = 17.14.36930.0 d17.14
MinimumVisualStudioVersion = 10.0.40219.1
Project("{FAE04EC0-301F-11D3-BF4B-00C04F79EFBC}") = "lesson4", "lesson4\lesson4.csproj", "{8BE219BC-05EC-4228-A409-277054C7D775}"
EndProject
Global
	GlobalSection(SolutionConfigurationPlatforms) = preSolution
		Debug|Any CPU = Debug|Any CPU
		Release|Any CPU = Release|Any CPU
	EndGlobalSection
	GlobalSection(ProjectConfigurationPlatforms) = postSolution
		{8BE219BC-05EC-4228-A409-277054C7D775}.Debug|Any CPU.ActiveCfg = Debug|Any CPU
		{8BE219BC-05EC-4228-A409-277054C7D775}.Debug|Any CPU.Build.0 = Debug|Any CPU
		{8BE219BC-05EC-4228-A409-277054C7D775}.Release|Any CPU.ActiveCfg = Release|Any CPU
		{8BE219BC-05EC-4228-A409-277054C7D775}.Release|Any CPU.Build.0 = Release|Any CPU
	EndGlobalSection
	GlobalSection(SolutionProperties) = preSolution
		HideSolutionNode = FALSE
	EndGlobalSection
	GlobalSection(ExtensibilityGlobals) = postSolution
		SolutionGuid = {899A045F-FE1B-45DB-981F-EF7938034618}
	EndGlobalSection
EndGlobal
